
Microsoft Visual Studio Solution File, Format Version 12.00
# Visual Studio Version 17
VisualStudioVersion = 17.2.32516.85
MinimumVisualStudioVersion = 10.0.40219.1
Project("{FAE04EC0-301F-11D3-BF4B-00C04F79EFBC}") = "DummyApiExample", "DummyApiExample\DummyApiExample.csproj", "{59F3D36A-808F-4EAA-A2C4-A8AD46154376}"
EndProject
Global
	GlobalSection(SolutionConfigurationPlatforms) = preSolution
		Debug|Any CPU = Debug|Any CPU
		Release|Any CPU = Release|Any CPU
	EndGlobalSection
	GlobalSection(ProjectConfigurationPlatforms) = postSolution
		{59F3D36A-808F-4EAA-A2C4-A8AD46154376}.Debug|Any CPU.ActiveCfg = Debug|Any CPU
		{59F3D36A-808F-4EAA-A2C4-A8AD46154376}.Debug|Any CPU.Build.0 = Debug|Any CPU
		{59F3D36A-808F-4EAA-A2C4-A8AD46154376}.Release|Any CPU.ActiveCfg = Release|Any CPU
		{59F3D36A-808F-4EAA-A2C4-A8AD46154376}.Release|Any CPU.Build.0 = Release|Any CPU
	EndGlobalSection
	GlobalSection(SolutionProperties) = preSolution
		HideSolutionNode = FALSE
	EndGlobalSection
	GlobalSection(ExtensibilityGlobals) = postSolution
		SolutionGuid = {53A2862C-207E-40EF-B897-15924A4F0F06}
	EndGlobalSection
EndGlobal
